
Microsoft Visual Studio Solution File, Format Version 12.00
# Visual Studio Version 17
VisualStudioVersion = 17.1.32328.378
MinimumVisualStudioVersion = 10.0.40219.1
Project("{FAE04EC0-301F-11D3-BF4B-00C04F79EFBC}") = "WinFormsApp1", "WinFormsApp1\WinFormsApp1.csproj", "{0B7D749C-9292-4142-A717-0C729017D947}"
EndProject
Global
	GlobalSection(SolutionConfigurationPlatforms) = preSolution
		Debug|Any CPU = Debug|Any CPU
		Release|Any CPU = Release|Any CPU
	EndGlobalSection
	GlobalSection(ProjectConfigurationPlatforms) = postSolution
		{0B7D749C-9292-4142-A717-0C729017D947}.Debug|Any CPU.ActiveCfg = Debug|Any CPU
		{0B7D749C-9292-4142-A717-0C729017D947}.Debug|Any CPU.Build.0 = Debug|Any CPU
		{0B7D749C-9292-4142-A717-0C729017D947}.Release|Any CPU.ActiveCfg = Release|Any CPU
		{0B7D749C-9292-4142-A717-0C729017D947}.Release|Any CPU.Build.0 = Release|Any CPU
	EndGlobalSection
	GlobalSection(SolutionProperties) = preSolution
		HideSolutionNode = FALSE
	EndGlobalSection
	GlobalSection(ExtensibilityGlobals) = postSolution
		SolutionGuid = {B4456A80-BEF7-4D2E-9F47-04D466D2ED56}
	EndGlobalSection
EndGlobal
